hash: 2b728fd694bb7b89450df5d1f112be98a60a02a3e9e79b05a3133b83c3d73f04
updated: 2017-02-27T15:47:00.576832-08:00
imports:
- name: github.com/danieljoos/wincred
  version: cbe0c0023057b04ad78c6de5e8cb85ea9b5315be
- name: github.com/godbus/dbus
  version: 692d22898a1dffbb54a37706afcb1324c510f2ac
- name: github.com/golang/mock
  version: bd3c8e81be01eef76d4b503f5e687d2d1354d2d9
  subpackages:
  - gomock
- name: github.com/golang/protobuf
  version: 8ee79997227bf9b34611aee7946ae64735e6fd93
  subpackages:
  - proto
- name: github.com/google/go-github
  version: 2ec691a35b10b8c1471955a96d0f182a572e1cad
  subpackages:
  - github
- name: github.com/google/go-querystring
  version: 9235644dd9e52eeae6fa48efd539fdc351a0af53
  subpackages:
  - query
- name: github.com/jessevdk/go-flags
  version: 4e64e4a4e2552194cf594243e23aa9baf3b4297e
- name: github.com/zalando/go-keyring
  version: e59fa393797e20dbc53303e827941e5bf8eadda1
  subpackages:
  - secret_service
- name: golang.org/x/net
  version: 61557ac0112b576429a0df080e1c2cef5dfbb642
  subpackages:
  - context
- name: golang.org/x/oauth2
  version: 314dd2c0bf3ebd592ec0d20847d27e79d0dbe8dd
  subpackages:
  - internal
- name: google.golang.org/appengine
  version: a2c54d2174c17540446e0ced57d9d459af61bc1c
  subpackages:
  - internal
  - internal/base
  - internal/datastore
  - internal/log
  - internal/remote_api
  - internal/urlfetch
  - urlfetch
testImports:
- name: github.com/stretchr/testify
  version: 4d4bfba8f1d1027c4fdbe371823030df51419987
  subpackages:
  - assert
