hash: 256da848ea3e206955a39a100c06162017a3ecd84ca835c57c74938be875bd5e
updated: 2017-03-24T14:36:07.532232807-07:00
imports:
- name: github.com/danieljoos/wincred
  version: cbe0c0023057b04ad78c6de5e8cb85ea9b5315be
- name: github.com/godbus/dbus
  version: b038411ec341afd52c6d36d8baae92a29e6e8a9e
- name: github.com/golang/mock
  version: bd3c8e81be01eef76d4b503f5e687d2d1354d2d9
  subpackages:
  - gomock
- name: github.com/golang/protobuf
  version: c9c7427a2a70d2eb3bafa0ab2dc163e45f143317
  subpackages:
  - proto
- name: github.com/google/go-github
  version: d683a1c6198d75c6be7a7ab5e2f9834cb6408834
  subpackages:
  - github
- name: github.com/google/go-querystring
  version: 53e6ce116135b80d037921a7fdd5138cf32d7a8a
  subpackages:
  - query
- name: github.com/jessevdk/go-flags
  version: 460c7bb0abd6e927f2767cadc91aa6ef776a98b4
- name: github.com/zalando/go-keyring
  version: dcbcb8215e7449155ca2bd5b4fc67e0b91e175f1
  subpackages:
  - secret_service
- name: go.uber.org/multierr
  version: de6740a55f8d778e53755317dc50aae950c760de
- name: golang.org/x/net
  version: 3e967e1d28d2c9c06e749dc2bdc14b04df89e689
  subpackages:
  - context
- name: golang.org/x/oauth2
  version: 7fdf09982454086d5570c7db3e11f360194830ca
  subpackages:
  - internal
- name: google.golang.org/appengine
  version: 56d253d1dd14aa01937e12c73a0971bcfd797ff2
  subpackages:
  - internal
  - internal/app_identity
  - internal/base
  - internal/datastore
  - internal/log
  - internal/modules
  - internal/remote_api
  - internal/urlfetch
  - urlfetch
testImports:
- name: github.com/davecgh/go-spew
  version: 346938d642f2ec3594ed81d874461961cd0faa76
  subpackages:
  - spew
- name: github.com/pmezard/go-difflib
  version: 792786c7400a136282c1664665ae0a8db921c6c2
  subpackages:
  - difflib
- name: github.com/stretchr/testify
  version: 4d4bfba8f1d1027c4fdbe371823030df51419987
  subpackages:
  - assert
  - require
